
Microsoft Visual Studio Solution File, Format Version 12.00
# Visual Studio 15
VisualStudioVersion = 15.0.27130.2036
MinimumVisualStudioVersion = 10.0.40219.1
Project("{FAE04EC0-301F-11D3-BF4B-00C04F79EFBC}") = "zderko", "zderko\zderko.csproj", "{BE97776B-9F66-4CAF-BA3B-95051F03D859}"
EndProject
Global
	GlobalSection(SolutionConfigurationPlatforms) = preSolution
		Debug|Any CPU = Debug|Any CPU
		Release|Any CPU = Release|Any CPU
	EndGlobalSection
	GlobalSection(ProjectConfigurationPlatforms) = postSolution
		{BE97776B-9F66-4CAF-BA3B-95051F03D859}.Debug|Any CPU.ActiveCfg = Debug|Any CPU
		{BE97776B-9F66-4CAF-BA3B-95051F03D859}.Debug|Any CPU.Build.0 = Debug|Any CPU
		{BE97776B-9F66-4CAF-BA3B-95051F03D859}.Release|Any CPU.ActiveCfg = Release|Any CPU
		{BE97776B-9F66-4CAF-BA3B-95051F03D859}.Release|Any CPU.Build.0 = Release|Any CPU
	EndGlobalSection
	GlobalSection(SolutionProperties) = preSolution
		HideSolutionNode = FALSE
	EndGlobalSection
	GlobalSection(ExtensibilityGlobals) = postSolution
		SolutionGuid = {6A65E5EE-6A75-4C67-8DD7-EEF8470A02F1}
	EndGlobalSection
EndGlobal
